
Microsoft Visual Studio Solution File, Format Version 12.00
# Visual Studio Version 17
VisualStudioVersion = 17.5.33516.290
MinimumVisualStudioVersion = 10.0.40219.1
Project("{9A19103F-16F7-4668-BE54-9A1E7A4F7556}") = "PlayGround", "PlayGround\PlayGround.csproj", "{37F2D9D5-5673-4BFC-9312-4C185A4FBD90}"
EndProject
Project("{9A19103F-16F7-4668-BE54-9A1E7A4F7556}") = "DiceRollGame", "DiceRollGame\DiceRollGame.csproj", "{9F5D47C6-C7C5-4B5E-AF45-BB842A76CAEC}"
EndProject
Project("{9A19103F-16F7-4668-BE54-9A1E7A4F7556}") = "AdopceZvirat", "AdopceZvirat\AdopceZvirat.csproj", "{9204BFB7-7CA8-40FE-BC61-EE26E3CEEA89}"
EndProject
Project("{9A19103F-16F7-4668-BE54-9A1E7A4F7556}") = "ParkovisteProjekt", "ParkovisteProjekt\ParkovisteProjekt.csproj", "{67880149-A1D0-4257-B301-EE8441829ECE}"
EndProject
Project("{FAE04EC0-301F-11D3-BF4B-00C04F79EFBC}") = "CestovniKancelarProjekt", "CestovniKancelarProjekt\CestovniKancelarProjekt.csproj", "{A0AF8084-7624-46E7-8EF7-A9A5AFC5FE70}"
EndProject
Global
	GlobalSection(SolutionConfigurationPlatforms) = preSolution
		Debug|Any CPU = Debug|Any CPU
		Release|Any CPU = Release|Any CPU
	EndGlobalSection
	GlobalSection(ProjectConfigurationPlatforms) = postSolution
		{37F2D9D5-5673-4BFC-9312-4C185A4FBD90}.Debug|Any CPU.ActiveCfg = Debug|Any CPU
		{37F2D9D5-5673-4BFC-9312-4C185A4FBD90}.Debug|Any CPU.Build.0 = Debug|Any CPU
		{37F2D9D5-5673-4BFC-9312-4C185A4FBD90}.Release|Any CPU.ActiveCfg = Release|Any CPU
		{37F2D9D5-5673-4BFC-9312-4C185A4FBD90}.Release|Any CPU.Build.0 = Release|Any CPU
		{9F5D47C6-C7C5-4B5E-AF45-BB842A76CAEC}.Debug|Any CPU.ActiveCfg = Debug|Any CPU
		{9F5D47C6-C7C5-4B5E-AF45-BB842A76CAEC}.Debug|Any CPU.Build.0 = Debug|Any CPU
		{9F5D47C6-C7C5-4B5E-AF45-BB842A76CAEC}.Release|Any CPU.ActiveCfg = Release|Any CPU
		{9F5D47C6-C7C5-4B5E-AF45-BB842A76CAEC}.Release|Any CPU.Build.0 = Release|Any CPU
		{9204BFB7-7CA8-40FE-BC61-EE26E3CEEA89}.Debug|Any CPU.ActiveCfg = Debug|Any CPU
		{9204BFB7-7CA8-40FE-BC61-EE26E3CEEA89}.Debug|Any CPU.Build.0 = Debug|Any CPU
		{9204BFB7-7CA8-40FE-BC61-EE26E3CEEA89}.Release|Any CPU.ActiveCfg = Release|Any CPU
		{9204BFB7-7CA8-40FE-BC61-EE26E3CEEA89}.Release|Any CPU.Build.0 = Release|Any CPU
		{67880149-A1D0-4257-B301-EE8441829ECE}.Debug|Any CPU.ActiveCfg = Debug|Any CPU
		{67880149-A1D0-4257-B301-EE8441829ECE}.Debug|Any CPU.Build.0 = Debug|Any CPU
		{67880149-A1D0-4257-B301-EE8441829ECE}.Release|Any CPU.ActiveCfg = Release|Any CPU
		{67880149-A1D0-4257-B301-EE8441829ECE}.Release|Any CPU.Build.0 = Release|Any CPU
		{A0AF8084-7624-46E7-8EF7-A9A5AFC5FE70}.Debug|Any CPU.ActiveCfg = Debug|Any CPU
		{A0AF8084-7624-46E7-8EF7-A9A5AFC5FE70}.Debug|Any CPU.Build.0 = Debug|Any CPU
		{A0AF8084-7624-46E7-8EF7-A9A5AFC5FE70}.Release|Any CPU.ActiveCfg = Release|Any CPU
		{A0AF8084-7624-46E7-8EF7-A9A5AFC5FE70}.Release|Any CPU.Build.0 = Release|Any CPU
	EndGlobalSection
	GlobalSection(SolutionProperties) = preSolution
		HideSolutionNode = FALSE
	EndGlobalSection
	GlobalSection(ExtensibilityGlobals) = postSolution
		SolutionGuid = {626539B0-E9DC-4B05-9103-21BC39B47C53}
	EndGlobalSection
EndGlobal
